
Microsoft Visual Studio Solution File, Format Version 12.00
# Visual Studio 15
VisualStudioVersion = 15.0.28307.757
MinimumVisualStudioVersion = 10.0.40219.1
Project("{FAE04EC0-301F-11D3-BF4B-00C04F79EFBC}") = "API", "API\API.csproj", "{6396F555-4148-4405-B292-F9BDFBD45322}"
EndProject
Global
	GlobalSection(SolutionConfigurationPlatforms) = preSolution
		Debug|Any CPU = Debug|Any CPU
		Release|Any CPU = Release|Any CPU
	EndGlobalSection
	GlobalSection(ProjectConfigurationPlatforms) = postSolution
		{6396F555-4148-4405-B292-F9BDFBD45322}.Debug|Any CPU.ActiveCfg = Debug|Any CPU
		{6396F555-4148-4405-B292-F9BDFBD45322}.Debug|Any CPU.Build.0 = Debug|Any CPU
		{6396F555-4148-4405-B292-F9BDFBD45322}.Release|Any CPU.ActiveCfg = Release|Any CPU
		{6396F555-4148-4405-B292-F9BDFBD45322}.Release|Any CPU.Build.0 = Release|Any CPU
	EndGlobalSection
	GlobalSection(SolutionProperties) = preSolution
		HideSolutionNode = FALSE
	EndGlobalSection
	GlobalSection(ExtensibilityGlobals) = postSolution
		SolutionGuid = {095B3DC0-C5DF-4930-865C-4E964E7B9768}
	EndGlobalSection
EndGlobal
